
Microsoft Visual Studio Solution File, Format Version 12.00
# Visual Studio Version 16
VisualStudioVersion = 16.0.31402.337
MinimumVisualStudioVersion = 10.0.40219.1
Project("{9A19103F-16F7-4668-BE54-9A1E7A4F7556}") = "FitAppReact", "FitAppReact\FitAppReact.csproj", "{9467E1C8-7743-433A-87A0-6E01301EEC79}"
	ProjectSection(ProjectDependencies) = postProject
		{F75B7501-A69E-4DDD-9764-23FCFA6FF02E} = {F75B7501-A69E-4DDD-9764-23FCFA6FF02E}
		{52B0E443-0913-4829-B6B4-66650EEA9426} = {52B0E443-0913-4829-B6B4-66650EEA9426}
		{13181B51-122A-49C7-B19E-95F23A6FF095} = {13181B51-122A-49C7-B19E-95F23A6FF095}
	EndProjectSection
EndProject
Project("{2150E333-8FDC-42A3-9474-1A3956D46DE8}") = "DI", "DI", "{8B731A2A-999A-48FD-8A19-1CB80B614030}"
EndProject
Project("{2150E333-8FDC-42A3-9474-1A3956D46DE8}") = "Domain", "Domain", "{1CD11504-44D5-4678-80AB-4B928D7F675D}"
EndProject
Project("{2150E333-8FDC-42A3-9474-1A3956D46DE8}") = "Infrastructure", "Infrastructure", "{766CA79F-CE2A-4CB3-B459-5E19A22F054D}"
EndProject
Project("{2150E333-8FDC-42A3-9474-1A3956D46DE8}") = "UI", "UI", "{2265A32D-3420-4305-BC3A-3F4839B866EE}"
EndProject
Project("{9A19103F-16F7-4668-BE54-9A1E7A4F7556}") = "FitAppReact.DI", "FitAppReact.DI\FitAppReact.DI.csproj", "{13181B51-122A-49C7-B19E-95F23A6FF095}"
	ProjectSection(ProjectDependencies) = postProject
		{F75B7501-A69E-4DDD-9764-23FCFA6FF02E} = {F75B7501-A69E-4DDD-9764-23FCFA6FF02E}
		{E2EDEE27-9E1E-4586-94DB-A7DDB7D9F291} = {E2EDEE27-9E1E-4586-94DB-A7DDB7D9F291}
		{52B0E443-0913-4829-B6B4-66650EEA9426} = {52B0E443-0913-4829-B6B4-66650EEA9426}
		{0B60295D-9879-42DE-9784-E54BACBC9CCD} = {0B60295D-9879-42DE-9784-E54BACBC9CCD}
		{0A5CE7A7-D199-4641-AECE-B6C1FC48776D} = {0A5CE7A7-D199-4641-AECE-B6C1FC48776D}
	EndProjectSection
EndProject
Project("{9A19103F-16F7-4668-BE54-9A1E7A4F7556}") = "FitAppReact.Common", "FitAppReact.Common\FitAppReact.Common.csproj", "{F75B7501-A69E-4DDD-9764-23FCFA6FF02E}"
EndProject
Project("{9A19103F-16F7-4668-BE54-9A1E7A4F7556}") = "FitAppReact.Facades", "FitAppReact.Facades\FitAppReact.Facades.csproj", "{0A5CE7A7-D199-4641-AECE-B6C1FC48776D}"
	ProjectSection(ProjectDependencies) = postProject
		{F75B7501-A69E-4DDD-9764-23FCFA6FF02E} = {F75B7501-A69E-4DDD-9764-23FCFA6FF02E}
		{E2EDEE27-9E1E-4586-94DB-A7DDB7D9F291} = {E2EDEE27-9E1E-4586-94DB-A7DDB7D9F291}
		{52B0E443-0913-4829-B6B4-66650EEA9426} = {52B0E443-0913-4829-B6B4-66650EEA9426}
	EndProjectSection
EndProject
Project("{9A19103F-16F7-4668-BE54-9A1E7A4F7556}") = "FitAppReact.Interfaces.Facades", "FitAppReact.Interfaces.Facades\FitAppReact.Interfaces.Facades.csproj", "{52B0E443-0913-4829-B6B4-66650EEA9426}"
	ProjectSection(ProjectDependencies) = postProject
		{F75B7501-A69E-4DDD-9764-23FCFA6FF02E} = {F75B7501-A69E-4DDD-9764-23FCFA6FF02E}
	EndProjectSection
EndProject
Project("{9A19103F-16F7-4668-BE54-9A1E7A4F7556}") = "FitAppReact.Interfaces.Infrastructure", "FitAppReact.Interfaces.Infrastructure\FitAppReact.Interfaces.Infrastructure.csproj", "{E2EDEE27-9E1E-4586-94DB-A7DDB7D9F291}"
	ProjectSection(ProjectDependencies) = postProject
		{F75B7501-A69E-4DDD-9764-23FCFA6FF02E} = {F75B7501-A69E-4DDD-9764-23FCFA6FF02E}
	EndProjectSection
EndProject
Project("{9A19103F-16F7-4668-BE54-9A1E7A4F7556}") = "FitAppReact.EntityFramework", "FitAppReact.EntityFramework\FitAppReact.EntityFramework.csproj", "{0B60295D-9879-42DE-9784-E54BACBC9CCD}"
	ProjectSection(ProjectDependencies) = postProject
		{F75B7501-A69E-4DDD-9764-23FCFA6FF02E} = {F75B7501-A69E-4DDD-9764-23FCFA6FF02E}
		{E2EDEE27-9E1E-4586-94DB-A7DDB7D9F291} = {E2EDEE27-9E1E-4586-94DB-A7DDB7D9F291}
	EndProjectSection
EndProject
Project("{9A19103F-16F7-4668-BE54-9A1E7A4F7556}") = "FitAppReact.DietService", "FitAppReact.DietService\FitAppReact.DietService.csproj", "{C6D52425-EE1A-4029-B92B-148D9943ED18}"
	ProjectSection(ProjectDependencies) = postProject
		{F75B7501-A69E-4DDD-9764-23FCFA6FF02E} = {F75B7501-A69E-4DDD-9764-23FCFA6FF02E}
		{E2EDEE27-9E1E-4586-94DB-A7DDB7D9F291} = {E2EDEE27-9E1E-4586-94DB-A7DDB7D9F291}
		{0B60295D-9879-42DE-9784-E54BACBC9CCD} = {0B60295D-9879-42DE-9784-E54BACBC9CCD}
	EndProjectSection
EndProject
Project("{9A19103F-16F7-4668-BE54-9A1E7A4F7556}") = "FitAppReact.UserService", "FitAppReact.UserService\FitAppReact.UserService.csproj", "{B1E47C9B-7333-4F8A-808D-9D4CE534014E}"
EndProject
Global
	GlobalSection(SolutionConfigurationPlatforms) = preSolution
		Debug|Any CPU = Debug|Any CPU
		Release|Any CPU = Release|Any CPU
	EndGlobalSection
	GlobalSection(ProjectConfigurationPlatforms) = postSolution
		{9467E1C8-7743-433A-87A0-6E01301EEC79}.Debug|Any CPU.ActiveCfg = Debug|Any CPU
		{9467E1C8-7743-433A-87A0-6E01301EEC79}.Debug|Any CPU.Build.0 = Debug|Any CPU
		{9467E1C8-7743-433A-87A0-6E01301EEC79}.Release|Any CPU.ActiveCfg = Release|Any CPU
		{9467E1C8-7743-433A-87A0-6E01301EEC79}.Release|Any CPU.Build.0 = Release|Any CPU
		{13181B51-122A-49C7-B19E-95F23A6FF095}.Debug|Any CPU.ActiveCfg = Debug|Any CPU
		{13181B51-122A-49C7-B19E-95F23A6FF095}.Debug|Any CPU.Build.0 = Debug|Any CPU
		{13181B51-122A-49C7-B19E-95F23A6FF095}.Release|Any CPU.ActiveCfg = Release|Any CPU
		{13181B51-122A-49C7-B19E-95F23A6FF095}.Release|Any CPU.Build.0 = Release|Any CPU
		{F75B7501-A69E-4DDD-9764-23FCFA6FF02E}.Debug|Any CPU.ActiveCfg = Debug|Any CPU
		{F75B7501-A69E-4DDD-9764-23FCFA6FF02E}.Debug|Any CPU.Build.0 = Debug|Any CPU
		{F75B7501-A69E-4DDD-9764-23FCFA6FF02E}.Release|Any CPU.ActiveCfg = Release|Any CPU
		{F75B7501-A69E-4DDD-9764-23FCFA6FF02E}.Release|Any CPU.Build.0 = Release|Any CPU
		{0A5CE7A7-D199-4641-AECE-B6C1FC48776D}.Debug|Any CPU.ActiveCfg = Debug|Any CPU
		{0A5CE7A7-D199-4641-AECE-B6C1FC48776D}.Debug|Any CPU.Build.0 = Debug|Any CPU
		{0A5CE7A7-D199-4641-AECE-B6C1FC48776D}.Release|Any CPU.ActiveCfg = Release|Any CPU
		{0A5CE7A7-D199-4641-AECE-B6C1FC48776D}.Release|Any CPU.Build.0 = Release|Any CPU
		{52B0E443-0913-4829-B6B4-66650EEA9426}.Debug|Any CPU.ActiveCfg = Debug|Any CPU
		{52B0E443-0913-4829-B6B4-66650EEA9426}.Debug|Any CPU.Build.0 = Debug|Any CPU
		{52B0E443-0913-4829-B6B4-66650EEA9426}.Release|Any CPU.ActiveCfg = Release|Any CPU
		{52B0E443-0913-4829-B6B4-66650EEA9426}.Release|Any CPU.Build.0 = Release|Any CPU
		{E2EDEE27-9E1E-4586-94DB-A7DDB7D9F291}.Debug|Any CPU.ActiveCfg = Debug|Any CPU
		{E2EDEE27-9E1E-4586-94DB-A7DDB7D9F291}.Debug|Any CPU.Build.0 = Debug|Any CPU
		{E2EDEE27-9E1E-4586-94DB-A7DDB7D9F291}.Release|Any CPU.ActiveCfg = Release|Any CPU
		{E2EDEE27-9E1E-4586-94DB-A7DDB7D9F291}.Release|Any CPU.Build.0 = Release|Any CPU
		{0B60295D-9879-42DE-9784-E54BACBC9CCD}.Debug|Any CPU.ActiveCfg = Debug|Any CPU
		{0B60295D-9879-42DE-9784-E54BACBC9CCD}.Debug|Any CPU.Build.0 = Debug|Any CPU
		{0B60295D-9879-42DE-9784-E54BACBC9CCD}.Release|Any CPU.ActiveCfg = Release|Any CPU
		{0B60295D-9879-42DE-9784-E54BACBC9CCD}.Release|Any CPU.Build.0 = Release|Any CPU
		{C6D52425-EE1A-4029-B92B-148D9943ED18}.Debug|Any CPU.ActiveCfg = Debug|Any CPU
		{C6D52425-EE1A-4029-B92B-148D9943ED18}.Debug|Any CPU.Build.0 = Debug|Any CPU
		{C6D52425-EE1A-4029-B92B-148D9943ED18}.Release|Any CPU.ActiveCfg = Release|Any CPU
		{C6D52425-EE1A-4029-B92B-148D9943ED18}.Release|Any CPU.Build.0 = Release|Any CPU
		{B1E47C9B-7333-4F8A-808D-9D4CE534014E}.Debug|Any CPU.ActiveCfg = Debug|Any CPU
		{B1E47C9B-7333-4F8A-808D-9D4CE534014E}.Debug|Any CPU.Build.0 = Debug|Any CPU
		{B1E47C9B-7333-4F8A-808D-9D4CE534014E}.Release|Any CPU.ActiveCfg = Release|Any CPU
		{B1E47C9B-7333-4F8A-808D-9D4CE534014E}.Release|Any CPU.Build.0 = Release|Any CPU
	EndGlobalSection
	GlobalSection(SolutionProperties) = preSolution
		HideSolutionNode = FALSE
	EndGlobalSection
	GlobalSection(NestedProjects) = preSolution
		{9467E1C8-7743-433A-87A0-6E01301EEC79} = {2265A32D-3420-4305-BC3A-3F4839B866EE}
		{13181B51-122A-49C7-B19E-95F23A6FF095} = {8B731A2A-999A-48FD-8A19-1CB80B614030}
		{F75B7501-A69E-4DDD-9764-23FCFA6FF02E} = {1CD11504-44D5-4678-80AB-4B928D7F675D}
		{0A5CE7A7-D199-4641-AECE-B6C1FC48776D} = {1CD11504-44D5-4678-80AB-4B928D7F675D}
		{52B0E443-0913-4829-B6B4-66650EEA9426} = {1CD11504-44D5-4678-80AB-4B928D7F675D}
		{E2EDEE27-9E1E-4586-94DB-A7DDB7D9F291} = {1CD11504-44D5-4678-80AB-4B928D7F675D}
		{0B60295D-9879-42DE-9784-E54BACBC9CCD} = {766CA79F-CE2A-4CB3-B459-5E19A22F054D}
		{C6D52425-EE1A-4029-B92B-148D9943ED18} = {766CA79F-CE2A-4CB3-B459-5E19A22F054D}
		{B1E47C9B-7333-4F8A-808D-9D4CE534014E} = {766CA79F-CE2A-4CB3-B459-5E19A22F054D}
	EndGlobalSection
	GlobalSection(ExtensibilityGlobals) = postSolution
		SolutionGuid = {7A3ED88C-F83E-47A9-B615-BE095E4790BC}
	EndGlobalSection
EndGlobal
